
Microsoft Visual Studio Solution File, Format Version 12.00
# Visual Studio Version 16
VisualStudioVersion = 16.0.31205.134
MinimumVisualStudioVersion = 10.0.40219.1
Project("{FAE04EC0-301F-11D3-BF4B-00C04F79EFBC}") = "ASPNetCoreWebApp", "ASPNetCoreWebApp.csproj", "{A6BF66ED-DAB0-4BD4-8268-B4D958CA3E8D}"
EndProject
Global
	GlobalSection(SolutionConfigurationPlatforms) = preSolution
		Debug|Any CPU = Debug|Any CPU
		Release|Any CPU = Release|Any CPU
	EndGlobalSection
	GlobalSection(ProjectConfigurationPlatforms) = postSolution
		{A6BF66ED-DAB0-4BD4-8268-B4D958CA3E8D}.Debug|Any CPU.ActiveCfg = Debug|Any CPU
		{A6BF66ED-DAB0-4BD4-8268-B4D958CA3E8D}.Debug|Any CPU.Build.0 = Debug|Any CPU
		{A6BF66ED-DAB0-4BD4-8268-B4D958CA3E8D}.Release|Any CPU.ActiveCfg = Release|Any CPU
		{A6BF66ED-DAB0-4BD4-8268-B4D958CA3E8D}.Release|Any CPU.Build.0 = Release|Any CPU
	EndGlobalSection
	GlobalSection(SolutionProperties) = preSolution
		HideSolutionNode = FALSE
	EndGlobalSection
	GlobalSection(ExtensibilityGlobals) = postSolution
		SolutionGuid = {C9A8E3B7-20CC-41FB-B89A-39FFD0AA0DE4}
	EndGlobalSection
EndGlobal
